{
    "_readme": [
        "This file locks the dependencies of your project to a known state",
        "Read more about it at https://getcomposer.org/doc/01-basic-usage.md#installing-dependencies",
        "This file is @generated automatically"
    ],
    "content-hash": "5f437b80d11ebfda5e02c3372ed8703b",
    "packages": [
        {
            "name": "plasticbrain/php-flash-messages",
            "version": "dev-master",
            "source": {
                "type": "git",
                "url": "https://github.com/plasticbrain/PhpFlashMessages.git",
                "reference": "b565762619342057ce561de20d0f2f6e14f9aa77"
            },
            "dist": {
                "type": "zip",
                "url": "https://api.github.com/repos/plasticbrain/PhpFlashMessages/zipball/b565762619342057ce561de20d0f2f6e14f9aa77",
                "reference": "b565762619342057ce561de20d0f2f6e14f9aa77",
                "shasum": ""
            },
            "require": {
                "php": ">=5.4.0"
            },
            "type": "library",
            "autoload": {
                "psr-4": {
                    "Plasticbrain\\FlashMessages\\": "src/"
                }
            },
            "notification-url": "https://packagist.org/downloads/",
            "license": [
                "MIT"
            ],
            "authors": [
                {
                    "name": "Mike Everhart",
                    "email": "mike@plasticbrain.net"
                }
            ],
            "description": "A modern take on PHP session-based flash messages",
            "keywords": [
                "bootstrap",
                "flash",
                "messages",
                "session"
            ],
            "time": "2016-04-01T08:39:38+00:00"
        },
        {
            "name": "yidas/pagination",
            "version": "dev-master",
            "source": {
                "type": "git",
                "url": "https://github.com/yidas/php-pagination.git",
                "reference": "7b73caf384d61e4ffb1c8b94e45d1b1ffaeafdfa"
            },
            "dist": {
                "type": "zip",
                "url": "https://api.github.com/repos/yidas/php-pagination/zipball/7b73caf384d61e4ffb1c8b94e45d1b1ffaeafdfa",
                "reference": "7b73caf384d61e4ffb1c8b94e45d1b1ffaeafdfa",
                "shasum": ""
            },
            "require": {
                "php": ">=5.4.0"
            },
            "type": "library",
            "autoload": {
                "psr-4": {
                    "yidas\\": "src/"
                }
            },
            "notification-url": "https://packagist.org/downloads/",
            "license": [
                "MIT"
            ],
            "description": "PHP Paginator with Pager Widget (pure PHP, CI, Yii, Laravel support)",
            "homepage": "https://github.com/yidas/php-pagination",
            "keywords": [
                "codeigniter",
                "linkpager",
                "pagination",
                "php"
            ],
            "time": "2019-02-01T10:11:24+00:00"
        }
    ],
    "packages-dev": [],
    "aliases": [],
    "minimum-stability": "dev",
    "stability-flags": {
        "yidas/pagination": 20,
        "plasticbrain/php-flash-messages": 20
    },
    "prefer-stable": false,
    "prefer-lowest": false,
    "platform": [],
    "platform-dev": []
}
